# THIS IS AN AUTOGENERATED FILE. DO NOT EDIT THIS FILE DIRECTLY.
# yarn lockfile v1


accept@3.x.x:
  version "3.0.2"
  resolved "https://registry.yarnpkg.com/accept/-/accept-3.0.2.tgz#83e41cec7e1149f3fd474880423873db6c6cc9ac"
  integrity sha512-bghLXFkCOsC1Y2TZ51etWfKDs6q249SAoHTZVfzWWdlZxoij+mgkj9AmUJWQpDY48TfnrTDIe43Xem4zdMe7mQ==
  dependencies:
    boom "7.x.x"
    hoek "5.x.x"

ammo@3.x.x:
  version "3.0.1"
  resolved "https://registry.yarnpkg.com/ammo/-/ammo-3.0.1.tgz#c79ceeac36fb4e55085ea3fe0c2f42bfa5f7c914"
  integrity sha512-4UqoM8xQjwkQ78oiU4NbBK0UgYqeKMAKmwE4ec7Rz3rGU8ZEBFxzgF2sUYKOAlqIXExBDYLN6y1ShF5yQ4hwLQ==
  dependencies:
    hoek "5.x.x"

ansi-styles@^3.2.1:
  version "3.2.1"
  resolved "https://registry.yarnpkg.com/ansi-styles/-/ansi-styles-3.2.1.tgz#41fbb20243e50b12be0f04b8dedbf07520ce841d"
  integrity sha512-VT0ZI6kZRdTh8YyJw3SMbYm/u+NqfsAxEpWO0Pf9sq8/e94WxxOpPKx9FR1FlyCtOVDNOQ+8ntlqFxiRc+r5qA==
  dependencies:
    color-convert "^1.9.0"

b64@4.x.x:
  version "4.0.0"
  resolved "https://registry.yarnpkg.com/b64/-/b64-4.0.0.tgz#c37f587f0a383c7019e821120e8c3f58f0d22772"
  integrity sha512-EhmUQodKB0sdzPPrbIWbGqA5cQeTWxYrAgNeeT1rLZWtD3tbNTnphz8J4vkXI3cPgBNlXBjzEbzDzq0Nwi4f9A==

big-time@2.x.x:
  version "2.0.1"
  resolved "https://registry.yarnpkg.com/big-time/-/big-time-2.0.1.tgz#68c7df8dc30f97e953f25a67a76ac9713c16c9de"
  integrity sha1-aMffjcMPl+lT8lpnp2rJcTwWyd4=

boom@7.x.x:
  version "7.2.0"
  resolved "https://registry.yarnpkg.com/boom/-/boom-7.2.0.tgz#2bff24a55565767fde869ec808317eb10c48e966"
  integrity sha1-K/8kpVVldn/ehp7ICDF+sQxI6WY=
  dependencies:
    hoek "5.x.x"

bounce@1.x.x:
  version "1.2.0"
  resolved "https://registry.yarnpkg.com/bounce/-/bounce-1.2.0.tgz#e3bac68c73fd256e38096551efc09f504873c8c8"
  integrity sha512-8syCGe8B2/WC53118/F/tFy5aW00j+eaGPXmAUP7iBhxc+EBZZxS1vKelWyBCH6IqojgS2t1gF0glH30qAJKEw==
  dependencies:
    boom "7.x.x"
    hoek "5.x.x"

call@5.x.x:
  version "5.0.1"
  resolved "https://registry.yarnpkg.com/call/-/call-5.0.1.tgz#ac1b5c106d9edc2a17af2a4a4f74dd4f0c06e910"
  integrity sha512-ollfFPSshiuYLp7AsrmpkQJ/PxCi6AzV81rCjBwWhyF2QGyUY/vPDMzoh4aUcWyucheRglG2LaS5qkIEfLRh6A==
  dependencies:
    boom "7.x.x"
    hoek "5.x.x"

catbox-memory@3.x.x:
  version "3.1.2"
  resolved "https://registry.yarnpkg.com/catbox-memory/-/catbox-memory-3.1.2.tgz#4aeec1bc994419c0f7e60087f172aaedd9b4911c"
  integrity sha512-lhWtutLVhsq3Mucxk2McxBPPibJ34WcHuWFz3xqub9u9Ve/IQYpZv3ijLhQXfQped9DXozURiaq9O3aZpP91eg==
  dependencies:
    big-time "2.x.x"
    boom "7.x.x"
    hoek "5.x.x"

catbox@10.x.x:
  version "10.0.3"
  resolved "https://registry.yarnpkg.com/catbox/-/catbox-10.0.3.tgz#1f6f6436dfab30cdd23f753877bcb4afe980414b"
  integrity sha512-qwus6RnVctHXYwfxvvDwvlMWHwCjQdIpQQbtyHnRF0JpwmxbQJ/UIZi9y8O6DpphKCdfO9gpxgb2ne9ZDx39BQ==
  dependencies:
    boom "7.x.x"
    hoek "5.x.x"
    joi "13.x.x"

chalk@^2.4.1:
  version "2.4.1"
  resolved "https://registry.yarnpkg.com/chalk/-/chalk-2.4.1.tgz#18c49ab16a037b6eb0152cc83e3471338215b66e"
  integrity sha512-ObN6h1v2fTJSmUXoS3nMQ92LbDK9be4TV+6G+omQlGJFdcUX5heKi1LZ1YnRMIgwTLEj3E24bT6tYni50rlCfQ==
  dependencies:
    ansi-styles "^3.2.1"
    escape-string-regexp "^1.0.5"
    supports-color "^5.3.0"

color-convert@^1.9.0:
  version "1.9.3"
  resolved "https://registry.yarnpkg.com/color-convert/-/color-convert-1.9.3.tgz#bb71850690e1f136567de629d2d5471deda4c1e8"
  integrity sha512-QfAUtd+vFdAtFQcC8CCyYt1fYWxSqAiK2cSD6zDB8N3cpsEBAvRxp9zOGg6G/SHHJYAT88/az/IuDGALsNVbGg==
  dependencies:
    color-name "1.1.3"

color-name@1.1.3:
  version "1.1.3"
  resolved "https://registry.yarnpkg.com/color-name/-/color-name-1.1.3.tgz#a7d0558bd89c42f795dd42328f740831ca53bc25"
  integrity sha1-p9BVi9icQveV3UIyj3QIMcpTvCU=

content@4.x.x:
  version "4.0.5"
  resolved "https://registry.yarnpkg.com/content/-/content-4.0.5.tgz#bc547deabc889ab69bce17faf3585c29f4c41bf2"
  integrity sha512-wDP6CTWDpwCf791fNxlCCkZGRkrNzSEU/8ju9Hnr3Uc5mF/gFR5W+fcoGm6zUSlVPdSXYn5pCbySADKj7YM4Cg==
  dependencies:
    boom "7.x.x"

core-util-is@~1.0.0:
  version "1.0.2"
  resolved "https://registry.yarnpkg.com/core-util-is/-/core-util-is-1.0.2.tgz#b5fd54220aa2bc5ab57aab7140c940754503c1a7"
  integrity sha1-tf1UIgqivFq1eqtxQMlAdUUDwac=

cryptiles@4.x.x:
  version "4.1.2"
  resolved "https://registry.yarnpkg.com/cryptiles/-/cryptiles-4.1.2.tgz#363c9ab5c859da9d2d6fb901b64d980966181184"
  integrity sha512-U2ALcoAHvA1oO2xOreyHvtkQ+IELqDG2WVWRI1GH/XEmmfGIOalnM5MU5Dd2ITyWfr3m6kNqXiy8XuYyd4wKJw==
  dependencies:
    boom "7.x.x"

end-of-stream@^1.1.0:
  version "1.4.1"
  resolved "https://registry.yarnpkg.com/end-of-stream/-/end-of-stream-1.4.1.tgz#ed29634d19baba463b6ce6b80a37213eab71ec43"
  integrity sha512-1MkrZNvWTKCaigbn+W15elq2BB/L22nqrSY5DKlo3X6+vclJm8Bb5djXJBmEX6fS3+zCh/F4VBK5Z2KxJt4s2Q==
  dependencies:
    once "^1.4.0"

escape-string-regexp@^1.0.5:
  version "1.0.5"
  resolved "https://registry.yarnpkg.com/escape-string-regexp/-/escape-string-regexp-1.0.5.tgz#1b61c0562190a8dff6ae3bb2cf0200ca130b86d4"
  integrity sha1-G2HAViGQqN/2rjuyzwIAyhMLhtQ=

fast-json-parse@^1.0.3:
  version "1.0.3"
  resolved "https://registry.yarnpkg.com/fast-json-parse/-/fast-json-parse-1.0.3.tgz#43e5c61ee4efa9265633046b770fb682a7577c4d"
  integrity sha512-FRWsaZRWEJ1ESVNbDWmsAlqDk96gPQezzLghafp5J4GUKjbCz3OkAHuZs5TuPEtkbVQERysLp9xv6c24fBm8Aw==

fast-safe-stringify@^1.0.8, fast-safe-stringify@^1.2.3:
  version "1.2.3"
  resolved "https://registry.yarnpkg.com/fast-safe-stringify/-/fast-safe-stringify-1.2.3.tgz#9fe22c37fb2f7f86f06b8f004377dbf8f1ee7bc1"
  integrity sha512-QJYT/i0QYoiZBQ71ivxdyTqkwKkQ0oxACXHYxH2zYHJEgzi2LsbjgvtzTbLi1SZcF190Db2YP7I7eTsU2egOlw==

flatstr@^1.0.5:
  version "1.0.8"
  resolved "https://registry.yarnpkg.com/flatstr/-/flatstr-1.0.8.tgz#0e849229751f2b9f6a0919f8e81e1229e84ba901"
  integrity sha512-YXblbv/vc1zuVVUtnKl1hPqqk7TalZCppnKE7Pr8FI/Rp48vzckS/4SJ4Y9O9RNiI82Vcw/FydmtqdQOg1Dpqw==

hapi@^17.5.2:
  version "17.6.0"
  resolved "https://registry.yarnpkg.com/hapi/-/hapi-17.6.0.tgz#158a2276253a8de727be678c4daeb1f73929e588"
  integrity sha512-GSHjE1hJExluAukrT/QuYSk96irmbYBDd3wOgywiHsPoR2QeKgDnIttD+dB6NbADEmSdb9MS5gTUIVq0uHTdkA==
  dependencies:
    accept "3.x.x"
    ammo "3.x.x"
    boom "7.x.x"
    bounce "1.x.x"
    call "5.x.x"
    catbox "10.x.x"
    catbox-memory "3.x.x"
    heavy "6.x.x"
    hoek "5.x.x"
    joi "13.x.x"
    mimos "4.x.x"
    podium "3.x.x"
    shot "4.x.x"
    statehood "6.x.x"
    subtext "6.x.x"
    teamwork "3.x.x"
    topo "3.x.x"

has-flag@^3.0.0:
  version "3.0.0"
  resolved "https://registry.yarnpkg.com/has-flag/-/has-flag-3.0.0.tgz#b5d454dc2199ae225699f3467e5a07f3b955bafd"
  integrity sha1-tdRU3CGZriJWmfNGfloH87lVuv0=

heavy@6.x.x:
  version "6.1.0"
  resolved "https://registry.yarnpkg.com/heavy/-/heavy-6.1.0.tgz#1bbfa43dc61dd4b543ede3ff87db8306b7967274"
  integrity sha512-TKS9DC9NOTGulHQI31Lx+bmeWmNOstbJbGMiN3pX6bF+Zc2GKSpbbym4oasNnB6yPGkqJ9TQXXYDGohqNSJRxA==
  dependencies:
    boom "7.x.x"
    hoek "5.x.x"
    joi "13.x.x"

hoek@5.x.x:
  version "5.0.4"
  resolved "https://registry.yarnpkg.com/hoek/-/hoek-5.0.4.tgz#0f7fa270a1cafeb364a4b2ddfaa33f864e4157da"
  integrity sha512-Alr4ZQgoMlnere5FZJsIyfIjORBqZll5POhDsF4q64dPuJR6rNxXdDxtHSQq8OXRurhmx+PWYEE8bXRROY8h0w==

inert@^5.1.0:
  version "5.1.0"
  resolved "https://registry.yarnpkg.com/inert/-/inert-5.1.0.tgz#e9f130dc3047ccd9ffaa64b157b4c1114611035d"
  integrity sha512-5rJZbezGEkBN4QrP/HEEwsQ0N+7YzqDZrvBZrE7B0CrNY6I4XKI434aL3UNLCmbI4HzPGQs7Ae/4h1tiTMJ6Wg==
  dependencies:
    ammo "3.x.x"
    boom "7.x.x"
    bounce "1.x.x"
    hoek "5.x.x"
    joi "13.x.x"
    lru-cache "4.1.x"

inherits@~2.0.3:
  version "2.0.3"
  resolved "https://registry.yarnpkg.com/inherits/-/inherits-2.0.3.tgz#633c2c83e3da42a502f52466022480f4208261de"
  integrity sha1-Yzwsg+PaQqUC9SRmAiSA9CCCYd4=

iron@5.x.x:
  version "5.0.4"
  resolved "https://registry.yarnpkg.com/iron/-/iron-5.0.4.tgz#003ed822f656f07c2b62762815f5de3947326867"
  integrity sha512-7iQ5/xFMIYaNt9g2oiNiWdhrOTdRUMFaWENUd0KghxwPUhrIH8DUY8FEyLNTTzf75jaII+jMexLdY/2HfV61RQ==
  dependencies:
    boom "7.x.x"
    cryptiles "4.x.x"
    hoek "5.x.x"

isarray@~1.0.0:
  version "1.0.0"
  resolved "https://registry.yarnpkg.com/isarray/-/isarray-1.0.0.tgz#bb935d48582cba168c06834957a54a3e07124f11"
  integrity sha1-u5NdSFgsuhaMBoNJV6VKPgcSTxE=

isemail@3.x.x:
  version "3.1.3"
  resolved "https://registry.yarnpkg.com/isemail/-/isemail-3.1.3.tgz#64f37fc113579ea12523165c3ebe3a71a56ce571"
  integrity sha512-5xbsG5wYADIcB+mfLsd+nst1V/D+I7EU7LEZPo2GOIMu4JzfcRs5yQoypP4avA7QtUqgxYLKBYNv4IdzBmbhdw==
  dependencies:
    punycode "2.x.x"

joi@13.x.x:
  version "13.7.0"
  resolved "https://registry.yarnpkg.com/joi/-/joi-13.7.0.tgz#cfd85ebfe67e8a1900432400b4d03bbd93fb879f"
  integrity sha512-xuY5VkHfeOYK3Hdi91ulocfuFopwgbSORmIwzcwHKESQhC7w1kD5jaVSPnqDxS2I8t3RZ9omCKAxNwXN5zG1/Q==
  dependencies:
    hoek "5.x.x"
    isemail "3.x.x"
    topo "3.x.x"

lru-cache@4.1.x:
  version "4.1.3"
  resolved "https://registry.yarnpkg.com/lru-cache/-/lru-cache-4.1.3.tgz#a1175cf3496dfc8436c156c334b4955992bce69c"
  integrity sha512-fFEhvcgzuIoJVUF8fYr5KR0YqxD238zgObTps31YdADwPPAp82a4M8TrckkWyx7ekNlf9aBcVn81cFwwXngrJA==
  dependencies:
    pseudomap "^1.0.2"
    yallist "^2.1.2"

mime-db@1.x.x:
  version "1.36.0"
  resolved "https://registry.yarnpkg.com/mime-db/-/mime-db-1.36.0.tgz#5020478db3c7fe93aad7bbcc4dcf869c43363397"
  integrity sha512-L+xvyD9MkoYMXb1jAmzI/lWYAxAMCPvIBSWur0PZ5nOf5euahRLVqH//FKW9mWp2lkqUgYiXPgkzfMUFi4zVDw==

mimos@4.x.x:
  version "4.0.0"
  resolved "https://registry.yarnpkg.com/mimos/-/mimos-4.0.0.tgz#76e3d27128431cb6482fd15b20475719ad626a5a"
  integrity sha512-JvlvRLqGIlk+AYypWrbrDmhsM+6JVx/xBM5S3AMwTBz1trPCEoPN/swO2L4Wu653fL7oJdgk8DMQyG/Gq3JkZg==
  dependencies:
    hoek "5.x.x"
    mime-db "1.x.x"

nigel@3.x.x:
  version "3.0.1"
  resolved "https://registry.yarnpkg.com/nigel/-/nigel-3.0.1.tgz#48a08859d65177312f1c25af7252c1e07bb07c2a"
  integrity sha512-kCVtUG9JyD//tsYrZY+/Y+2gUrANVSba8y23QkM5Znx0FOxlnl9Z4OVPBODmstKWTOvigfTO+Va1VPOu3eWSOQ==
  dependencies:
    hoek "5.x.x"
    vise "3.x.x"

once@^1.3.1, once@^1.4.0:
  version "1.4.0"
  resolved "https://registry.yarnpkg.com/once/-/once-1.4.0.tgz#583b1aa775961d4b113ac17d9c50baef9dd76bd1"
  integrity sha1-WDsap3WWHUsROsF9nFC6753Xa9E=
  dependencies:
    wrappy "1"

pez@4.x.x:
  version "4.0.2"
  resolved "https://registry.yarnpkg.com/pez/-/pez-4.0.2.tgz#0a7c81b64968e90b0e9562b398f390939e9c4b53"
  integrity sha512-HuPxmGxHsEFPWhdkwBs2gIrHhFqktIxMtudISTFN95RQ85ZZAOl8Ki6u3nnN/X8OUaGlIGldk/l8p2IR4/i76w==
  dependencies:
    b64 "4.x.x"
    boom "7.x.x"
    content "4.x.x"
    hoek "5.x.x"
    nigel "3.x.x"

pino-std-serializers@^2.0.0:
  version "2.2.1"
  resolved "https://registry.yarnpkg.com/pino-std-serializers/-/pino-std-serializers-2.2.1.tgz#ceb583374358c75949e9c4ddbdd690428c15958e"
  integrity sha512-QqL7kkF7eMCpFG4hpZD8UPQga/kxkkh3E62HzMzTIL4OQyijyisAnBL8msBEAml8xcb/ioGhH7UUzGxuHqczhQ==

pino@^4.17.3:
  version "4.17.6"
  resolved "https://registry.yarnpkg.com/pino/-/pino-4.17.6.tgz#8c237f3a29f4104f89321c25037deab6a7998fb4"
  integrity sha512-LFDwmhyWLBnmwO/2UFbWu1jEGVDzaPupaVdx0XcZ3tIAx1EDEBauzxXf2S0UcFK7oe+X9MApjH0hx9U1XMgfCA==
  dependencies:
    chalk "^2.4.1"
    fast-json-parse "^1.0.3"
    fast-safe-stringify "^1.2.3"
    flatstr "^1.0.5"
    pino-std-serializers "^2.0.0"
    pump "^3.0.0"
    quick-format-unescaped "^1.1.2"
    split2 "^2.2.0"

podium@3.x.x:
  version "3.1.2"
  resolved "https://registry.yarnpkg.com/podium/-/podium-3.1.2.tgz#b701429739cf6bdde6b3015ae6b48d400817ce9e"
  integrity sha512-18VrjJAduIdPv7d9zWsfmKxTj3cQTYC5Pv5gtKxcWujYBpGbV+mhNSPYhlHW5xeWoazYyKfB9FEsPT12r5rY1A==
  dependencies:
    hoek "5.x.x"
    joi "13.x.x"

process-nextick-args@~2.0.0:
  version "2.0.0"
  resolved "https://registry.yarnpkg.com/process-nextick-args/-/process-nextick-args-2.0.0.tgz#a37d732f4271b4ab1ad070d35508e8290788ffaa"
  integrity sha512-MtEC1TqN0EU5nephaJ4rAtThHtC86dNN9qCuEhtshvpVBkAW5ZO7BASN9REnF9eoXGcRub+pFuKEpOHE+HbEMw==

pseudomap@^1.0.2:
  version "1.0.2"
  resolved "https://registry.yarnpkg.com/pseudomap/-/pseudomap-1.0.2.tgz#f052a28da70e618917ef0a8ac34c1ae5a68286b3"
  integrity sha1-8FKijacOYYkX7wqKw0wa5aaChrM=

pump@^3.0.0:
  version "3.0.0"
  resolved "https://registry.yarnpkg.com/pump/-/pump-3.0.0.tgz#b4a2116815bde2f4e1ea602354e8c75565107a64"
  integrity sha512-LwZy+p3SFs1Pytd/jYct4wpv49HiYCqd9Rlc5ZVdk0V+8Yzv6jR5Blk3TRmPL1ft69TxP0IMZGJ+WPFU2BFhww==
  dependencies:
    end-of-stream "^1.1.0"
    once "^1.3.1"

punycode@2.x.x:
  version "2.1.1"
  resolved "https://registry.yarnpkg.com/punycode/-/punycode-2.1.1.tgz#b58b010ac40c22c5657616c8d2c2c02c7bf479ec"
  integrity sha512-XRsRjdf+j5ml+y/6GKHPZbrF/8p2Yga0JPtdqTIY2Xe5ohJPD9saDJJLPvp9+NSBprVvevdXZybnj2cv8OEd0A==

quick-format-unescaped@^1.1.2:
  version "1.1.2"
  resolved "https://registry.yarnpkg.com/quick-format-unescaped/-/quick-format-unescaped-1.1.2.tgz#0ca581de3174becef25ac3c2e8956342381db698"
  integrity sha1-DKWB3jF0vs7yWsPC6JVjQjgdtpg=
  dependencies:
    fast-safe-stringify "^1.0.8"

readable-stream@^2.1.5:
  version "2.3.6"
  resolved "https://registry.yarnpkg.com/readable-stream/-/readable-stream-2.3.6.tgz#b11c27d88b8ff1fbe070643cf94b0c79ae1b0aaf"
  integrity sha512-tQtKA9WIAhBF3+VLAseyMqZeBjW0AHJoxOtYqSUZNJxauErmLbVm2FW1y+J/YA9dUrAC39ITejlZWhVIwawkKw==
  dependencies:
    core-util-is "~1.0.0"
    inherits "~2.0.3"
    isarray "~1.0.0"
    process-nextick-args "~2.0.0"
    safe-buffer "~5.1.1"
    string_decoder "~1.1.1"
    util-deprecate "~1.0.1"

safe-buffer@~5.1.0, safe-buffer@~5.1.1:
  version "5.1.2"
  resolved "https://registry.yarnpkg.com/safe-buffer/-/safe-buffer-5.1.2.tgz#991ec69d296e0313747d59bdfd2b745c35f8828d"
  integrity sha512-Gd2UZBJDkXlY7GbJxfsE8/nvKkUEU1G38c1siN6QP6a9PT9MmHB8GnpscSmMJSoF8LOIrt8ud/wPtojys4G6+g==

shot@4.x.x:
  version "4.0.5"
  resolved "https://registry.yarnpkg.com/shot/-/shot-4.0.5.tgz#c7e7455d11d60f6b6cd3c43e15a3b431c17e5566"
  integrity sha1-x+dFXRHWD2ts08Q+FaO0McF+VWY=
  dependencies:
    hoek "5.x.x"
    joi "13.x.x"

split2@^2.2.0:
  version "2.2.0"
  resolved "https://registry.yarnpkg.com/split2/-/split2-2.2.0.tgz#186b2575bcf83e85b7d18465756238ee4ee42493"
  integrity sha512-RAb22TG39LhI31MbreBgIuKiIKhVsawfTgEGqKHTK87aG+ul/PB8Sqoi3I7kVdRWiCfrKxK3uo4/YUkpNvhPbw==
  dependencies:
    through2 "^2.0.2"

statehood@6.x.x:
  version "6.0.6"
  resolved "https://registry.yarnpkg.com/statehood/-/statehood-6.0.6.tgz#0dbd7c50774d3f61a24e42b0673093bbc81fa5f0"
  integrity sha512-jR45n5ZMAkasw0xoE9j9TuLmJv4Sa3AkXe+6yIFT6a07kXYHgSbuD2OVGECdZGFxTmvNqLwL1iRIgvq6O6rq+A==
  dependencies:
    boom "7.x.x"
    bounce "1.x.x"
    cryptiles "4.x.x"
    hoek "5.x.x"
    iron "5.x.x"
    joi "13.x.x"

string_decoder@~1.1.1:
  version "1.1.1"
  resolved "https://registry.yarnpkg.com/string_decoder/-/string_decoder-1.1.1.tgz#9cf1611ba62685d7030ae9e4ba34149c3af03fc8"
  integrity sha512-n/ShnvDi6FHbbVfviro+WojiFzv+s8MPMHBczVePfUpDJLwoLT0ht1l4YwBCbi8pJAveEEdnkHyPyTP/mzRfwg==
  dependencies:
    safe-buffer "~5.1.0"

subtext@6.x.x:
  version "6.0.7"
  resolved "https://registry.yarnpkg.com/subtext/-/subtext-6.0.7.tgz#8e40a67901a734d598142665c90e398369b885f9"
  integrity sha512-IcJUvRjeR+NB437Iq+LORFNJW4L6Knqkj3oQrBrkdhIaS2VKJvx/9aYEq7vi+PEx5/OuehOL/40SkSZotLi/MA==
  dependencies:
    boom "7.x.x"
    content "4.x.x"
    hoek "5.x.x"
    pez "4.x.x"
    wreck "14.x.x"

supports-color@^5.3.0:
  version "5.5.0"
  resolved "https://registry.yarnpkg.com/supports-color/-/supports-color-5.5.0.tgz#e2e69a44ac8772f78a1ec0b35b689df6530efc8f"
  integrity sha512-QjVjwdXIt408MIiAqCX4oUKsgU2EqAGzs2Ppkm4aQYbjm+ZEWEcW4SfFNTr4uMNZma0ey4f5lgLrkB0aX0QMow==
  dependencies:
    has-flag "^3.0.0"

teamwork@3.x.x:
  version "3.0.1"
  resolved "https://registry.yarnpkg.com/teamwork/-/teamwork-3.0.1.tgz#ff38c7161f41f8070b7813716eb6154036ece196"
  integrity sha512-hEkJIpDOfOYe9NYaLFk00zQbzZeKNCY8T2pRH3I13Y1mJwxaSQ6NEsjY5rCp+11ezCiZpWGoGFTbOuhg4qKevQ==

through2@^2.0.2:
  version "2.0.3"
  resolved "https://registry.yarnpkg.com/through2/-/through2-2.0.3.tgz#0004569b37c7c74ba39c43f3ced78d1ad94140be"
  integrity sha1-AARWmzfHx0ujnEPzzteNGtlBQL4=
  dependencies:
    readable-stream "^2.1.5"
    xtend "~4.0.1"

topo@3.x.x:
  version "3.0.0"
  resolved "https://registry.yarnpkg.com/topo/-/topo-3.0.0.tgz#37e48c330efeac784538e0acd3e62ca5e231fe7a"
  integrity sha512-Tlu1fGlR90iCdIPURqPiufqAlCZYzLjHYVVbcFWDMcX7+tK8hdZWAfsMrD/pBul9jqHHwFjNdf1WaxA9vTRRhw==
  dependencies:
    hoek "5.x.x"

util-deprecate@~1.0.1:
  version "1.0.2"
  resolved "https://registry.yarnpkg.com/util-deprecate/-/util-deprecate-1.0.2.tgz#450d4dc9fa70de732762fbd2d4a28981419a0ccf"
  integrity sha1-RQ1Nyfpw3nMnYvvS1KKJgUGaDM8=

vise@3.x.x:
  version "3.0.0"
  resolved "https://registry.yarnpkg.com/vise/-/vise-3.0.0.tgz#76ad14ab31669c50fbb0817bc0e72fedcbb3bf4c"
  integrity sha512-kBFZLmiL1Vm3rHXphkhvvAcsjgeQXRrOFCbJb0I50YZZP4HGRNH+xGzK3matIMcpbsfr3I02u9odj4oCD0TWgA==
  dependencies:
    hoek "5.x.x"

wrappy@1:
  version "1.0.2"
  resolved "https://registry.yarnpkg.com/wrappy/-/wrappy-1.0.2.tgz#b5243d8f3ec1aa35f1364605bc0d1036e30ab69f"
  integrity sha1-tSQ9jz7BqjXxNkYFvA0QNuMKtp8=

wreck@14.x.x:
  version "14.1.0"
  resolved "https://registry.yarnpkg.com/wreck/-/wreck-14.1.0.tgz#b13e526b6a8318e5ebc6969c0b21075c06337067"
  integrity sha512-y/iwFhwdGoM8Hk1t1I4LbuLhM3curVD8STd5NcFI0c/4b4cQAMLcnCRxXX9sLQAggDC8dXYSaQNsT64hga6lvA==
  dependencies:
    boom "7.x.x"
    hoek "5.x.x"

xtend@~4.0.1:
  version "4.0.1"
  resolved "https://registry.yarnpkg.com/xtend/-/xtend-4.0.1.tgz#a5c6d532be656e23db820efb943a1f04998d63af"
  integrity sha1-pcbVMr5lbiPbgg77lDofBJmNY68=

yallist@^2.1.2:
  version "2.1.2"
  resolved "https://registry.yarnpkg.com/yallist/-/yallist-2.1.2.tgz#1c11f9218f076089a47dd512f93c6699a6a81d52"
  integrity sha1-HBH5IY8HYImkfdUS+TxmmaaoHVI=
